{
  "version": "5",
  "redirects": {
    "https://esm.sh/@supabase/supabase-js@2": "https://esm.sh/@supabase/supabase-js@2.112.3"
  },
  "remote": {
    "https://esm.sh/@supabase/supabase-js@2.112.3": "f6b9130984301066587e8917dfab3b3d60be47dc966bd3d04c733bc9423c1cf9"
  },
  "workspace": {
    "packageJson": {
      "dependencies": [
        "npm:@eslint/js@^9.14.0",
        "npm:@supabase/supabase-js@^2.45.0",
        "npm:@vitejs/plugin-react@^4.3.1",
        "npm:eslint-plugin-react-hooks@5",
        "npm:eslint-plugin-react@^7.37.2",
        "npm:eslint@^9.14.0",
        "npm:globals@^15.12.0",
        "npm:lucide-react@0.400",
        "npm:react-dom@^18.3.1",
        "npm:react-router-dom@^7.18.2",
        "npm:react@^18.3.1",
        "npm:typescript@^5.6.3",
        "npm:vite@^5.4.0",
        "npm:vitest@^2.1.9"
      ]
    }
  }
}
